
Microsoft Visual Studio Solution File, Format Version 12.00
# Visual Studio Version 17
VisualStudioVersion = 17.14.36310.24 d17.14
MinimumVisualStudioVersion = 10.0.40219.1
Project("{FAE04EC0-301F-11D3-BF4B-00C04F79EFBC}") = "Nhom3_1", "Nhom3_1\Nhom3_1.csproj", "{2A7C7E88-5B18-48D4-A1EE-E76851FE950F}"
EndProject
Global
	GlobalSection(SolutionConfigurationPlatforms) = preSolution
		Debug|Any CPU = Debug|Any CPU
		Release|Any CPU = Release|Any CPU
	EndGlobalSection
	GlobalSection(ProjectConfigurationPlatforms) = postSolution
		{2A7C7E88-5B18-48D4-A1EE-E76851FE950F}.Debug|Any CPU.ActiveCfg = Debug|Any CPU
		{2A7C7E88-5B18-48D4-A1EE-E76851FE950F}.Debug|Any CPU.Build.0 = Debug|Any CPU
		{2A7C7E88-5B18-48D4-A1EE-E76851FE950F}.Release|Any CPU.ActiveCfg = Release|Any CPU
		{2A7C7E88-5B18-48D4-A1EE-E76851FE950F}.Release|Any CPU.Build.0 = Release|Any CPU
	EndGlobalSection
	GlobalSection(SolutionProperties) = preSolution
		HideSolutionNode = FALSE
	EndGlobalSection
	GlobalSection(ExtensibilityGlobals) = postSolution
		SolutionGuid = {C58BAB5E-A742-4038-9E6E-1B24722A4DC8}
	EndGlobalSection
EndGlobal
